
Microsoft Visual Studio Solution File, Format Version 12.00
# Visual Studio Version 16
VisualStudioVersion = 16.0.31702.278
MinimumVisualStudioVersion = 10.0.40219.1
Project("{FAE04EC0-301F-11D3-BF4B-00C04F79EFBC}") = "RsaKeyGenerator", "RsaKeyGenerator\RsaKeyGenerator.csproj", "{3C049FF7-2D85-4A01-B939-0C8450C4292C}"
EndProject
Global
	GlobalSection(SolutionConfigurationPlatforms) = preSolution
		Debug|Any CPU = Debug|Any CPU
		Release|Any CPU = Release|Any CPU
	EndGlobalSection
	GlobalSection(ProjectConfigurationPlatforms) = postSolution
		{3C049FF7-2D85-4A01-B939-0C8450C4292C}.Debug|Any CPU.ActiveCfg = Debug|Any CPU
		{3C049FF7-2D85-4A01-B939-0C8450C4292C}.Debug|Any CPU.Build.0 = Debug|Any CPU
		{3C049FF7-2D85-4A01-B939-0C8450C4292C}.Release|Any CPU.ActiveCfg = Release|Any CPU
		{3C049FF7-2D85-4A01-B939-0C8450C4292C}.Release|Any CPU.Build.0 = Release|Any CPU
	EndGlobalSection
	GlobalSection(SolutionProperties) = preSolution
		HideSolutionNode = FALSE
	EndGlobalSection
	GlobalSection(ExtensibilityGlobals) = postSolution
		SolutionGuid = {EE5F1030-91A5-440B-B0D5-4053D88DD769}
	EndGlobalSection
EndGlobal
